
Microsoft Visual Studio Solution File, Format Version 12.00
# Visual Studio Version 17
VisualStudioVersion = 17.3.32922.545
MinimumVisualStudioVersion = 10.0.40219.1
Project("{9A19103F-16F7-4668-BE54-9A1E7A4F7556}") = "TestingExamAPI", "TestingExamAPI\TestingExamAPI.csproj", "{DCD52935-BC9B-4B02-99F1-31803E33D20A}"
EndProject
Project("{9A19103F-16F7-4668-BE54-9A1E7A4F7556}") = "TestingExamAPI.Core", "TestingExamAPI.CORE\TestingExamAPI.Core.csproj", "{1F5259A6-6A71-4C2D-B0D6-3E6C97FB066F}"
EndProject
Project("{9A19103F-16F7-4668-BE54-9A1E7A4F7556}") = "TestingExamAPI.Infrastructure", "TestingExamAPI.Infrastructure\TestingExamAPI.Infrastructure.csproj", "{04DE90C5-076B-40CE-8926-E454D51A5170}"
EndProject
Project("{FAE04EC0-301F-11D3-BF4B-00C04F79EFBC}") = "TestingExamAPI.Consumer", "TestingExamAPI.Consumer\TestingExamAPI.Consumer.csproj", "{ABEA2E77-6DEA-4744-87A4-8CCD313B732F}"
EndProject
Global
	GlobalSection(SolutionConfigurationPlatforms) = preSolution
		Debug|Any CPU = Debug|Any CPU
		Release|Any CPU = Release|Any CPU
	EndGlobalSection
	GlobalSection(ProjectConfigurationPlatforms) = postSolution
		{DCD52935-BC9B-4B02-99F1-31803E33D20A}.Debug|Any CPU.ActiveCfg = Debug|Any CPU
		{DCD52935-BC9B-4B02-99F1-31803E33D20A}.Debug|Any CPU.Build.0 = Debug|Any CPU
		{DCD52935-BC9B-4B02-99F1-31803E33D20A}.Release|Any CPU.ActiveCfg = Release|Any CPU
		{DCD52935-BC9B-4B02-99F1-31803E33D20A}.Release|Any CPU.Build.0 = Release|Any CPU
		{1F5259A6-6A71-4C2D-B0D6-3E6C97FB066F}.Debug|Any CPU.ActiveCfg = Debug|Any CPU
		{1F5259A6-6A71-4C2D-B0D6-3E6C97FB066F}.Debug|Any CPU.Build.0 = Debug|Any CPU
		{1F5259A6-6A71-4C2D-B0D6-3E6C97FB066F}.Release|Any CPU.ActiveCfg = Release|Any CPU
		{1F5259A6-6A71-4C2D-B0D6-3E6C97FB066F}.Release|Any CPU.Build.0 = Release|Any CPU
		{04DE90C5-076B-40CE-8926-E454D51A5170}.Debug|Any CPU.ActiveCfg = Debug|Any CPU
		{04DE90C5-076B-40CE-8926-E454D51A5170}.Debug|Any CPU.Build.0 = Debug|Any CPU
		{04DE90C5-076B-40CE-8926-E454D51A5170}.Release|Any CPU.ActiveCfg = Release|Any CPU
		{04DE90C5-076B-40CE-8926-E454D51A5170}.Release|Any CPU.Build.0 = Release|Any CPU
		{ABEA2E77-6DEA-4744-87A4-8CCD313B732F}.Debug|Any CPU.ActiveCfg = Debug|Any CPU
		{ABEA2E77-6DEA-4744-87A4-8CCD313B732F}.Debug|Any CPU.Build.0 = Debug|Any CPU
		{ABEA2E77-6DEA-4744-87A4-8CCD313B732F}.Release|Any CPU.ActiveCfg = Release|Any CPU
		{ABEA2E77-6DEA-4744-87A4-8CCD313B732F}.Release|Any CPU.Build.0 = Release|Any CPU
	EndGlobalSection
	GlobalSection(SolutionProperties) = preSolution
		HideSolutionNode = FALSE
	EndGlobalSection
	GlobalSection(ExtensibilityGlobals) = postSolution
		SolutionGuid = {F0874640-718E-4287-83ED-FABE1497823A}
	EndGlobalSection
EndGlobal
